// !$*UTF8*$!
{
	archiveVersion = 1;
	classes = {
	};
	objectVersion = 56;
	objects = {

/* Begin PBXBuildFile section */
		CE133AAD2955A29000428B48 /* VK_SwiftUIApp.swift in Sources */ = {isa = PBXBuildFile; fileRef = CE133AAC2955A29000428B48 /* VK_SwiftUIApp.swift */; };
		CE133AAF2955A29000428B48 /* LoginView.swift in Sources */ = {isa = PBXBuildFile; fileRef = CE133AAE2955A29000428B48 /* LoginView.swift */; };
		CE133AB12955A29300428B48 /* Assets.xcassets in Resources */ = {isa = PBXBuildFile; fileRef = CE133AB02955A29300428B48 /* Assets.xcassets */; };
		CE133AB42955A29300428B48 /* Preview Assets.xcassets in Resources */ = {isa = PBXBuildFile; fileRef = CE133AB32955A29300428B48 /* Preview Assets.xcassets */; };
		CE133ABF29586ADD00428B48 /* ExtensionsUI.swift in Sources */ = {isa = PBXBuildFile; fileRef = CE133ABE29586ADD00428B48 /* ExtensionsUI.swift */; };
		CE14156329701EBE00A64F2C /* NetworkService.swift in Sources */ = {isa = PBXBuildFile; fileRef = CE14156229701EBE00A64F2C /* NetworkService.swift */; };
		CE1415682971422800A64F2C /* FriendViewModel.swift in Sources */ = {isa = PBXBuildFile; fileRef = CE1415672971422800A64F2C /* FriendViewModel.swift */; };
		CE14156A29714DF300A64F2C /* Response.swift in Sources */ = {isa = PBXBuildFile; fileRef = CE14156929714DF300A64F2C /* Response.swift */; };
		CE279AA5295DDF61000D08C6 /* AppView.swift in Sources */ = {isa = PBXBuildFile; fileRef = CE279AA4295DDF61000D08C6 /* AppView.swift */; };
		CE5017AA295C391200AA33FF /* StartView.swift in Sources */ = {isa = PBXBuildFile; fileRef = CE5017A9295C391200AA33FF /* StartView.swift */; };
		CE571236295D7ED9009EA5C0 /* MainView.swift in Sources */ = {isa = PBXBuildFile; fileRef = CE571235295D7ED9009EA5C0 /* MainView.swift */; };
		CE571238295D9267009EA5C0 /* NewsFeedView.swift in Sources */ = {isa = PBXBuildFile; fileRef = CE571237295D9267009EA5C0 /* NewsFeedView.swift */; };
		CE57123A295D92F5009EA5C0 /* FriendsListView.swift in Sources */ = {isa = PBXBuildFile; fileRef = CE571239295D92F5009EA5C0 /* FriendsListView.swift */; };
		CE57123C295D935B009EA5C0 /* GroupsListView.swift in Sources */ = {isa = PBXBuildFile; fileRef = CE57123B295D935B009EA5C0 /* GroupsListView.swift */; };
		CE634FF7296AF6230047A375 /* FriendModel.swift in Sources */ = {isa = PBXBuildFile; fileRef = CE634FF6296AF6230047A375 /* FriendModel.swift */; };
		CE634FF9296AF6D80047A375 /* GroupModel.swift in Sources */ = {isa = PBXBuildFile; fileRef = CE634FF8296AF6D80047A375 /* GroupModel.swift */; };
		CE634FFB296AFD4E0047A375 /* GalleryView.swift in Sources */ = {isa = PBXBuildFile; fileRef = CE634FFA296AFD4E0047A375 /* GalleryView.swift */; };
		CE634FFE296B013B0047A375 /* ASCollectionView in Frameworks */ = {isa = PBXBuildFile; productRef = CE634FFD296B013B0047A375 /* ASCollectionView */; };
		CE635000296B185B0047A375 /* PhotoModel.swift in Sources */ = {isa = PBXBuildFile; fileRef = CE634FFF296B185B0047A375 /* PhotoModel.swift */; };
		CEC6ECC129599C9500C3E9FC /* FriendRow.swift in Sources */ = {isa = PBXBuildFile; fileRef = CEC6ECC029599C9500C3E9FC /* FriendRow.swift */; };
		CEC6ECC3295A004700C3E9FC /* GroupRow.swift in Sources */ = {isa = PBXBuildFile; fileRef = CEC6ECC2295A004700C3E9FC /* GroupRow.swift */; };
		CEC6ECC5295A043900C3E9FC /* CellAvatarView.swift in Sources */ = {isa = PBXBuildFile; fileRef = CEC6ECC4295A043900C3E9FC /* CellAvatarView.swift */; };
		CECD1F21296EF02F00250862 /* VKLoginWebView.swift in Sources */ = {isa = PBXBuildFile; fileRef = CECD1F20296EF02F00250862 /* VKLoginWebView.swift */; };
/* End PBXBuildFile section */

/* Begin PBXFileReference section */
		CE133AA92955A29000428B48 /* VK-SwiftUI.app */ = {isa = PBXFileReference; explicitFileType = wrapper.application; includeInIndex = 0; path = "VK-SwiftUI.app"; sourceTree = BUILT_PRODUCTS_DIR; };
		CE133AAC2955A29000428B48 /* VK_SwiftUIApp.swift */ = {isa = PBXFileReference; lastKnownFileType = sourcecode.swift; path = VK_SwiftUIApp.swift; sourceTree = "<group>"; };
		CE133AAE2955A29000428B48 /* LoginView.swift */ = {isa = PBXFileReference; lastKnownFileType = sourcecode.swift; path = LoginView.swift; sourceTree = "<group>"; };
		CE133AB02955A29300428B48 /* Assets.xcassets */ = {isa = PBXFileReference; lastKnownFileType = folder.assetcatalog; path = Assets.xcassets; sourceTree = "<group>"; };
		CE133AB32955A29300428B48 /* Preview Assets.xcassets */ = {isa = PBXFileReference; lastKnownFileType = folder.assetcatalog; path = "Preview Assets.xcassets"; sourceTree = "<group>"; };
		CE133ABE29586ADD00428B48 /* ExtensionsUI.swift */ = {isa = PBXFileReference; lastKnownFileType = sourcecode.swift; path = ExtensionsUI.swift; sourceTree = "<group>"; };
		CE14156229701EBE00A64F2C /* NetworkService.swift */ = {isa = PBXFileReference; lastKnownFileType = sourcecode.swift; path = NetworkService.swift; sourceTree = "<group>"; };
		CE1415672971422800A64F2C /* FriendViewModel.swift */ = {isa = PBXFileReference; lastKnownFileType = sourcecode.swift; path = FriendViewModel.swift; sourceTree = "<group>"; };
		CE14156929714DF300A64F2C /* Response.swift */ = {isa = PBXFileReference; lastKnownFileType = sourcecode.swift; path = Response.swift; sourceTree = "<group>"; };
		CE279AA4295DDF61000D08C6 /* AppView.swift */ = {isa = PBXFileReference; lastKnownFileType = sourcecode.swift; path = AppView.swift; sourceTree = "<group>"; };
		CE5017A9295C391200AA33FF /* StartView.swift */ = {isa = PBXFileReference; lastKnownFileType = sourcecode.swift; path = StartView.swift; sourceTree = "<group>"; };
		CE571235295D7ED9009EA5C0 /* MainView.swift */ = {isa = PBXFileReference; lastKnownFileType = sourcecode.swift; path = MainView.swift; sourceTree = "<group>"; };
		CE571237295D9267009EA5C0 /* NewsFeedView.swift */ = {isa = PBXFileReference; lastKnownFileType = sourcecode.swift; path = NewsFeedView.swift; sourceTree = "<group>"; };
		CE571239295D92F5009EA5C0 /* FriendsListView.swift */ = {isa = PBXFileReference; lastKnownFileType = sourcecode.swift; path = FriendsListView.swift; sourceTree = "<group>"; };
		CE57123B295D935B009EA5C0 /* GroupsListView.swift */ = {isa = PBXFileReference; lastKnownFileType = sourcecode.swift; path = GroupsListView.swift; sourceTree = "<group>"; };
		CE634FF6296AF6230047A375 /* FriendModel.swift */ = {isa = PBXFileReference; lastKnownFileType = sourcecode.swift; path = FriendModel.swift; sourceTree = "<group>"; };
		CE634FF8296AF6D80047A375 /* GroupModel.swift */ = {isa = PBXFileReference; lastKnownFileType = sourcecode.swift; path = GroupModel.swift; sourceTree = "<group>"; };
		CE634FFA296AFD4E0047A375 /* GalleryView.swift */ = {isa = PBXFileReference; lastKnownFileType = sourcecode.swift; path = GalleryView.swift; sourceTree = "<group>"; };
		CE634FFF296B185B0047A375 /* PhotoModel.swift */ = {isa = PBXFileReference; lastKnownFileType = sourcecode.swift; path = PhotoModel.swift; sourceTree = "<group>"; };
		CEBF93D529685106003CCD82 /* Info.plist */ = {isa = PBXFileReference; lastKnownFileType = text.plist; path = Info.plist; sourceTree = "<group>"; };
		CEC6ECC029599C9500C3E9FC /* FriendRow.swift */ = {isa = PBXFileReference; lastKnownFileType = sourcecode.swift; path = FriendRow.swift; sourceTree = "<group>"; };
		CEC6ECC2295A004700C3E9FC /* GroupRow.swift */ = {isa = PBXFileReference; lastKnownFileType = sourcecode.swift; path = GroupRow.swift; sourceTree = "<group>"; };
		CEC6ECC4295A043900C3E9FC /* CellAvatarView.swift */ = {isa = PBXFileReference; lastKnownFileType = sourcecode.swift; path = CellAvatarView.swift; sourceTree = "<group>"; };
		CECD1F20296EF02F00250862 /* VKLoginWebView.swift */ = {isa = PBXFileReference; lastKnownFileType = sourcecode.swift; path = VKLoginWebView.swift; sourceTree = "<group>"; };
/* End PBXFileReference section */

/* Begin PBXFrameworksBuildPhase section */
		CE133AA62955A29000428B48 /* Frameworks */ = {
			isa = PBXFrameworksBuildPhase;
			buildActionMask = 2147483647;
			files = (
				CE634FFE296B013B0047A375 /* ASCollectionView in Frameworks */,
			);
			runOnlyForDeploymentPostprocessing = 0;
		};
/* End PBXFrameworksBuildPhase section */

/* Begin PBXGroup section */
		CE133AA02955A29000428B48 = {
			isa = PBXGroup;
			children = (
				CE133AAB2955A29000428B48 /* VK-SwiftUI */,
				CE133AAA2955A29000428B48 /* Products */,
			);
			sourceTree = "<group>";
		};
		CE133AAA2955A29000428B48 /* Products */ = {
			isa = PBXGroup;
			children = (
				CE133AA92955A29000428B48 /* VK-SwiftUI.app */,
			);
			name = Products;
			sourceTree = "<group>";
		};
		CE133AAB2955A29000428B48 /* VK-SwiftUI */ = {
			isa = PBXGroup;
			children = (
				CEB06367295AE24300292DBC /* Fundamental */,
				CE634FF5296AF5FC0047A375 /* Models */,
				CE5017A7295C383400AA33FF /* Views */,
				CEC6ECBD29599B6100C3E9FC /* Cells */,
				CE14156129701E5F00A64F2C /* Services */,
				CE133ABD29586A9300428B48 /* Extensions */,
				CE133AB22955A29300428B48 /* Preview Content */,
				CE133AB02955A29300428B48 /* Assets.xcassets */,
				CEBF93D529685106003CCD82 /* Info.plist */,
			);
			path = "VK-SwiftUI";
			sourceTree = "<group>";
		};
		CE133AB22955A29300428B48 /* Preview Content */ = {
			isa = PBXGroup;
			children = (
				CE133AB32955A29300428B48 /* Preview Assets.xcassets */,
			);
			path = "Preview Content";
			sourceTree = "<group>";
		};
		CE133ABD29586A9300428B48 /* Extensions */ = {
			isa = PBXGroup;
			children = (
				CE133ABE29586ADD00428B48 /* ExtensionsUI.swift */,
			);
			path = Extensions;
			sourceTree = "<group>";
		};
		CE14156129701E5F00A64F2C /* Services */ = {
			isa = PBXGroup;
			children = (
				CE14156229701EBE00A64F2C /* NetworkService.swift */,
			);
			path = Services;
			sourceTree = "<group>";
		};
		CE5017A7295C383400AA33FF /* Views */ = {
			isa = PBXGroup;
			children = (
				CECD1F1F296EEF1000250862 /* Login */,
				CE5017A9295C391200AA33FF /* StartView.swift */,
				CE279AA4295DDF61000D08C6 /* AppView.swift */,
				CE571235295D7ED9009EA5C0 /* MainView.swift */,
				CE571237295D9267009EA5C0 /* NewsFeedView.swift */,
				CE571239295D92F5009EA5C0 /* FriendsListView.swift */,
				CE57123B295D935B009EA5C0 /* GroupsListView.swift */,
				CE634FFA296AFD4E0047A375 /* GalleryView.swift */,
			);
			path = Views;
			sourceTree = "<group>";
		};
		CE634FF5296AF5FC0047A375 /* Models */ = {
			isa = PBXGroup;
			children = (
				CE14156929714DF300A64F2C /* Response.swift */,
				CE634FF6296AF6230047A375 /* FriendModel.swift */,
				CE1415672971422800A64F2C /* FriendViewModel.swift */,
				CE634FF8296AF6D80047A375 /* GroupModel.swift */,
				CE634FFF296B185B0047A375 /* PhotoModel.swift */,
			);
			path = Models;
			sourceTree = "<group>";
		};
		CEB06367295AE24300292DBC /* Fundamental */ = {
			isa = PBXGroup;
			children = (
				CE133AAC2955A29000428B48 /* VK_SwiftUIApp.swift */,
			);
			path = Fundamental;
			sourceTree = "<group>";
		};
		CEC6ECBD29599B6100C3E9FC /* Cells */ = {
			isa = PBXGroup;
			children = (
				CEC6ECC029599C9500C3E9FC /* FriendRow.swift */,
				CEC6ECC2295A004700C3E9FC /* GroupRow.swift */,
				CEC6ECC4295A043900C3E9FC /* CellAvatarView.swift */,
			);
			path = Cells;
			sourceTree = "<group>";
		};
		CECD1F1F296EEF1000250862 /* Login */ = {
			isa = PBXGroup;
			children = (
				CE133AAE2955A29000428B48 /* LoginView.swift */,
				CECD1F20296EF02F00250862 /* VKLoginWebView.swift */,
			);
			path = Login;
			sourceTree = "<group>";
		};
/* End PBXGroup section */

/* Begin PBXNativeTarget section */
		CE133AA82955A29000428B48 /* VK-SwiftUI */ = {
			isa = PBXNativeTarget;
			buildConfigurationList = CE133AB72955A29300428B48 /* Build configuration list for PBXNativeTarget "VK-SwiftUI" */;
			buildPhases = (
				CE133AA52955A29000428B48 /* Sources */,
				CE133AA62955A29000428B48 /* Frameworks */,
				CE133AA72955A29000428B48 /* Resources */,
			);
			buildRules = (
			);
			dependencies = (
			);
			name = "VK-SwiftUI";
			packageProductDependencies = (
				CE634FFD296B013B0047A375 /* ASCollectionView */,
			);
			productName = "VK-SwiftUI";
			productReference = CE133AA92955A29000428B48 /* VK-SwiftUI.app */;
			productType = "com.apple.product-type.application";
		};
/* End PBXNativeTarget section */

/* Begin PBXProject section */
		CE133AA12955A29000428B48 /* Project object */ = {
			isa = PBXProject;
			attributes = {
				BuildIndependentTargetsInParallel = 1;
				LastSwiftUpdateCheck = 1420;
				LastUpgradeCheck = 1420;
				TargetAttributes = {
					CE133AA82955A29000428B48 = {
						CreatedOnToolsVersion = 14.2;
					};
				};
			};
			buildConfigurationList = CE133AA42955A29000428B48 /* Build configuration list for PBXProject "VK-SwiftUI" */;
			compatibilityVersion = "Xcode 14.0";
			developmentRegion = en;
			hasScannedForEncodings = 0;
			knownRegions = (
				en,
				Base,
			);
			mainGroup = CE133AA02955A29000428B48;
			packageReferences = (
				CE634FFC296B013B0047A375 /* XCRemoteSwiftPackageReference "ASCollectionView" */,
			);
			productRefGroup = CE133AAA2955A29000428B48 /* Products */;
			projectDirPath = "";
			projectRoot = "";
			targets = (
				CE133AA82955A29000428B48 /* VK-SwiftUI */,
			);
		};
/* End PBXProject section */

/* Begin PBXResourcesBuildPhase section */
		CE133AA72955A29000428B48 /* Resources */ = {
			isa = PBXResourcesBuildPhase;
			buildActionMask = 2147483647;
			files = (
				CE133AB42955A29300428B48 /* Preview Assets.xcassets in Resources */,
				CE133AB12955A29300428B48 /* Assets.xcassets in Resources */,
			);
			runOnlyForDeploymentPostprocessing = 0;
		};
/* End PBXResourcesBuildPhase section */

/* Begin PBXSourcesBuildPhase section */
		CE133AA52955A29000428B48 /* Sources */ = {
			isa = PBXSourcesBuildPhase;
			buildActionMask = 2147483647;
			files = (
				CE1415682971422800A64F2C /* FriendViewModel.swift in Sources */,
				CEC6ECC3295A004700C3E9FC /* GroupRow.swift in Sources */,
				CE634FF9296AF6D80047A375 /* GroupModel.swift in Sources */,
				CE571238295D9267009EA5C0 /* NewsFeedView.swift in Sources */,
				CE57123C295D935B009EA5C0 /* GroupsListView.swift in Sources */,
				CE14156329701EBE00A64F2C /* NetworkService.swift in Sources */,
				CE634FFB296AFD4E0047A375 /* GalleryView.swift in Sources */,
				CE571236295D7ED9009EA5C0 /* MainView.swift in Sources */,
				CE635000296B185B0047A375 /* PhotoModel.swift in Sources */,
				CEC6ECC5295A043900C3E9FC /* CellAvatarView.swift in Sources */,
				CE5017AA295C391200AA33FF /* StartView.swift in Sources */,
				CE133AAF2955A29000428B48 /* LoginView.swift in Sources */,
				CE14156A29714DF300A64F2C /* Response.swift in Sources */,
				CE634FF7296AF6230047A375 /* FriendModel.swift in Sources */,
				CE133ABF29586ADD00428B48 /* ExtensionsUI.swift in Sources */,
				CE279AA5295DDF61000D08C6 /* AppView.swift in Sources */,
				CE57123A295D92F5009EA5C0 /* FriendsListView.swift in Sources */,
				CE133AAD2955A29000428B48 /* VK_SwiftUIApp.swift in Sources */,
				CEC6ECC129599C9500C3E9FC /* FriendRow.swift in Sources */,
				CECD1F21296EF02F00250862 /* VKLoginWebView.swift in Sources */,
			);
			runOnlyForDeploymentPostprocessing = 0;
		};
/* End PBXSourcesBuildPhase section */

/* Begin XCBuildConfiguration section */
		CE133AB52955A29300428B48 /* Debug */ = {
			isa = XCBuildConfiguration;
			buildSettings = {
				ALWAYS_SEARCH_USER_PATHS = NO;
				CLANG_ANALYZER_NONNULL = YES;
				CLANG_ANALYZER_NUMBER_OBJECT_CONVERSION = YES_AGGRESSIVE;
				CLANG_CXX_LANGUAGE_STANDARD = "gnu++20";
				CLANG_ENABLE_MODULES = YES;
				CLANG_ENABLE_OBJC_ARC = YES;
				CLANG_ENABLE_OBJC_WEAK = YES;
				CLANG_WARN_BLOCK_CAPTURE_AUTORELEASING = YES;
				CLANG_WARN_BOOL_CONVERSION = YES;
				CLANG_WARN_COMMA = YES;
				CLANG_WARN_CONSTANT_CONVERSION = YES;
				CLANG_WARN_DEPRECATED_OBJC_IMPLEMENTATIONS = YES;
				CLANG_WARN_DIRECT_OBJC_ISA_USAGE = YES_ERROR;
				CLANG_WARN_DOCUMENTATION_COMMENTS = YES;
				CLANG_WARN_EMPTY_BODY = YES;
				CLANG_WARN_ENUM_CONVERSION = YES;
				CLANG_WARN_INFINITE_RECURSION = YES;
				CLANG_WARN_INT_CONVERSION = YES;
				CLANG_WARN_NON_LITERAL_NULL_CONVERSION = YES;
				CLANG_WARN_OBJC_IMPLICIT_RETAIN_SELF = YES;
				CLANG_WARN_OBJC_LITERAL_CONVERSION = YES;
				CLANG_WARN_OBJC_ROOT_CLASS = YES_ERROR;
				CLANG_WARN_QUOTED_INCLUDE_IN_FRAMEWORK_HEADER = YES;
				CLANG_WARN_RANGE_LOOP_ANALYSIS = YES;
				CLANG_WARN_STRICT_PROTOTYPES = YES;
				CLANG_WARN_SUSPICIOUS_MOVE = YES;
				CLANG_WARN_UNGUARDED_AVAILABILITY = YES_AGGRESSIVE;
				CLANG_WARN_UNREACHABLE_CODE = YES;
				CLANG_WARN__DUPLICATE_METHOD_MATCH = YES;
				COPY_PHASE_STRIP = NO;
				DEBUG_INFORMATION_FORMAT = dwarf;
				ENABLE_STRICT_OBJC_MSGSEND = YES;
				ENABLE_TESTABILITY = YES;
				GCC_C_LANGUAGE_STANDARD = gnu11;
				GCC_DYNAMIC_NO_PIC = NO;
				GCC_NO_COMMON_BLOCKS = YES;
				GCC_OPTIMIZATION_LEVEL = 0;
				GCC_PREPROCESSOR_DEFINITIONS = (
					"DEBUG=1",
					"$(inherited)",
				);
				GCC_WARN_64_TO_32_BIT_CONVERSION = YES;
				GCC_WARN_ABOUT_RETURN_TYPE = YES_ERROR;
				GCC_WARN_UNDECLARED_SELECTOR = YES;
				GCC_WARN_UNINITIALIZED_AUTOS = YES_AGGRESSIVE;
				GCC_WARN_UNUSED_FUNCTION = YES;
				GCC_WARN_UNUSED_VARIABLE = YES;
				IPHONEOS_DEPLOYMENT_TARGET = 16.2;
				MTL_ENABLE_DEBUG_INFO = INCLUDE_SOURCE;
				MTL_FAST_MATH = YES;
				ONLY_ACTIVE_ARCH = YES;
				SDKROOT = iphoneos;
				SWIFT_ACTIVE_COMPILATION_CONDITIONS = DEBUG;
				SWIFT_OPTIMIZATION_LEVEL = "-Onone";
			};
			name = Debug;
		};
		CE133AB62955A29300428B48 /* Release */ = {
			isa = XCBuildConfiguration;
			buildSettings = {
				ALWAYS_SEARCH_USER_PATHS = NO;
				CLANG_ANALYZER_NONNULL = YES;
				CLANG_ANALYZER_NUMBER_OBJECT_CONVERSION = YES_AGGRESSIVE;
				CLANG_CXX_LANGUAGE_STANDARD = "gnu++20";
				CLANG_ENABLE_MODULES = YES;
				CLANG_ENABLE_OBJC_ARC = YES;
				CLANG_ENABLE_OBJC_WEAK = YES;
				CLANG_WARN_BLOCK_CAPTURE_AUTORELEASING = YES;
				CLANG_WARN_BOOL_CONVERSION = YES;
				CLANG_WARN_COMMA = YES;
				CLANG_WARN_CONSTANT_CONVERSION = YES;
				CLANG_WARN_DEPRECATED_OBJC_IMPLEMENTATIONS = YES;
				CLANG_WARN_DIRECT_OBJC_ISA_USAGE = YES_ERROR;
				CLANG_WARN_DOCUMENTATION_COMMENTS = YES;
				CLANG_WARN_EMPTY_BODY = YES;
				CLANG_WARN_ENUM_CONVERSION = YES;
				CLANG_WARN_INFINITE_RECURSION = YES;
				CLANG_WARN_INT_CONVERSION = YES;
				CLANG_WARN_NON_LITERAL_NULL_CONVERSION = YES;
				CLANG_WARN_OBJC_IMPLICIT_RETAIN_SELF = YES;
				CLANG_WARN_OBJC_LITERAL_CONVERSION = YES;
				CLANG_WARN_OBJC_ROOT_CLASS = YES_ERROR;
				CLANG_WARN_QUOTED_INCLUDE_IN_FRAMEWORK_HEADER = YES;
				CLANG_WARN_RANGE_LOOP_ANALYSIS = YES;
				CLANG_WARN_STRICT_PROTOTYPES = YES;
				CLANG_WARN_SUSPICIOUS_MOVE = YES;
				CLANG_WARN_UNGUARDED_AVAILABILITY = YES_AGGRESSIVE;
				CLANG_WARN_UNREACHABLE_CODE = YES;
				CLANG_WARN__DUPLICATE_METHOD_MATCH = YES;
				COPY_PHASE_STRIP = NO;
				DEBUG_INFORMATION_FORMAT = "dwarf-with-dsym";
				ENABLE_NS_ASSERTIONS = NO;
				ENABLE_STRICT_OBJC_MSGSEND = YES;
				GCC_C_LANGUAGE_STANDARD = gnu11;
				GCC_NO_COMMON_BLOCKS = YES;
				GCC_WARN_64_TO_32_BIT_CONVERSION = YES;
				GCC_WARN_ABOUT_RETURN_TYPE = YES_ERROR;
				GCC_WARN_UNDECLARED_SELECTOR = YES;
				GCC_WARN_UNINITIALIZED_AUTOS = YES_AGGRESSIVE;
				GCC_WARN_UNUSED_FUNCTION = YES;
				GCC_WARN_UNUSED_VARIABLE = YES;
				IPHONEOS_DEPLOYMENT_TARGET = 16.2;
				MTL_ENABLE_DEBUG_INFO = NO;
				MTL_FAST_MATH = YES;
				SDKROOT = iphoneos;
				SWIFT_COMPILATION_MODE = wholemodule;
				SWIFT_OPTIMIZATION_LEVEL = "-O";
				VALIDATE_PRODUCT = YES;
			};
			name = Release;
		};
		CE133AB82955A29300428B48 /* Debug */ = {
			isa = XCBuildConfiguration;
			buildSettings = {
				ASSETCATALOG_COMPILER_APPICON_NAME = AppIcon;
				ASSETCATALOG_COMPILER_GLOBAL_ACCENT_COLOR_NAME = AccentColor;
				CODE_SIGN_STYLE = Automatic;
				CURRENT_PROJECT_VERSION = 1;
				DEVELOPMENT_ASSET_PATHS = "\"VK-SwiftUI/Preview Content\"";
				DEVELOPMENT_TEAM = 8C2J2DRGH6;
				ENABLE_PREVIEWS = YES;
				GENERATE_INFOPLIST_FILE = YES;
				INFOPLIST_FILE = "VK-SwiftUI/Info.plist";
				INFOPLIST_KEY_LSApplicationCategoryType = "";
				INFOPLIST_KEY_UIApplicationSceneManifest_Generation = YES;
				INFOPLIST_KEY_UIApplicationSupportsIndirectInputEvents = YES;
				INFOPLIST_KEY_UILaunchScreen_Generation = YES;
				INFOPLIST_KEY_UIStatusBarStyle = UIStatusBarStyleLightContent;
				INFOPLIST_KEY_UISupportedInterfaceOrientations_iPad = "UIInterfaceOrientationPortrait UIInterfaceOrientationPortraitUpsideDown UIInterfaceOrientationLandscapeLeft UIInterfaceOrientationLandscapeRight";
				INFOPLIST_KEY_UISupportedInterfaceOrientations_iPhone = "UIInterfaceOrientationPortrait UIInterfaceOrientationLandscapeLeft UIInterfaceOrientationLandscapeRight";
				LD_RUNPATH_SEARCH_PATHS = (
					"$(inherited)",
					"@executable_path/Frameworks",
				);
				MARKETING_VERSION = 1.0;
				PRODUCT_BUNDLE_IDENTIFIER = "Andrey-Piskunov.VK-SwiftUI";
				PRODUCT_NAME = "$(TARGET_NAME)";
				SWIFT_EMIT_LOC_STRINGS = YES;
				SWIFT_VERSION = 5.0;
				TARGETED_DEVICE_FAMILY = "1,2";
			};
			name = Debug;
		};
		CE133AB92955A29300428B48 /* Release */ = {
			isa = XCBuildConfiguration;
			buildSettings = {
				ASSETCATALOG_COMPILER_APPICON_NAME = AppIcon;
				ASSETCATALOG_COMPILER_GLOBAL_ACCENT_COLOR_NAME = AccentColor;
				CODE_SIGN_STYLE = Automatic;
				CURRENT_PROJECT_VERSION = 1;
				DEVELOPMENT_ASSET_PATHS = "\"VK-SwiftUI/Preview Content\"";
				DEVELOPMENT_TEAM = 8C2J2DRGH6;
				ENABLE_PREVIEWS = YES;
				GENERATE_INFOPLIST_FILE = YES;
				INFOPLIST_FILE = "VK-SwiftUI/Info.plist";
				INFOPLIST_KEY_LSApplicationCategoryType = "";
				INFOPLIST_KEY_UIApplicationSceneManifest_Generation = YES;
				INFOPLIST_KEY_UIApplicationSupportsIndirectInputEvents = YES;
				INFOPLIST_KEY_UILaunchScreen_Generation = YES;
				INFOPLIST_KEY_UIStatusBarStyle = UIStatusBarStyleLightContent;
				INFOPLIST_KEY_UISupportedInterfaceOrientations_iPad = "UIInterfaceOrientationPortrait UIInterfaceOrientationPortraitUpsideDown UIInterfaceOrientationLandscapeLeft UIInterfaceOrientationLandscapeRight";
				INFOPLIST_KEY_UISupportedInterfaceOrientations_iPhone = "UIInterfaceOrientationPortrait UIInterfaceOrientationLandscapeLeft UIInterfaceOrientationLandscapeRight";
				LD_RUNPATH_SEARCH_PATHS = (
					"$(inherited)",
					"@executable_path/Frameworks",
				);
				MARKETING_VERSION = 1.0;
				PRODUCT_BUNDLE_IDENTIFIER = "Andrey-Piskunov.VK-SwiftUI";
				PRODUCT_NAME = "$(TARGET_NAME)";
				SWIFT_EMIT_LOC_STRINGS = YES;
				SWIFT_VERSION = 5.0;
				TARGETED_DEVICE_FAMILY = "1,2";
			};
			name = Release;
		};
/* End XCBuildConfiguration section */

/* Begin XCConfigurationList section */
		CE133AA42955A29000428B48 /* Build configuration list for PBXProject "VK-SwiftUI" */ = {
			isa = XCConfigurationList;
			buildConfigurations = (
				CE133AB52955A29300428B48 /* Debug */,
				CE133AB62955A29300428B48 /* Release */,
			);
			defaultConfigurationIsVisible = 0;
			defaultConfigurationName = Release;
		};
		CE133AB72955A29300428B48 /* Build configuration list for PBXNativeTarget "VK-SwiftUI" */ = {
			isa = XCConfigurationList;
			buildConfigurations = (
				CE133AB82955A29300428B48 /* Debug */,
				CE133AB92955A29300428B48 /* Release */,
			);
			defaultConfigurationIsVisible = 0;
			defaultConfigurationName = Release;
		};
/* End XCConfigurationList section */

/* Begin XCRemoteSwiftPackageReference section */
		CE634FFC296B013B0047A375 /* XCRemoteSwiftPackageReference "ASCollectionView" */ = {
			isa = XCRemoteSwiftPackageReference;
			repositoryURL = "https://github.com/apptekstudios/ASCollectionView";
			requirement = {
				kind = upToNextMajorVersion;
				minimumVersion = 2.0.0;
			};
		};
/* End XCRemoteSwiftPackageReference section */

/* Begin XCSwiftPackageProductDependency section */
		CE634FFD296B013B0047A375 /* ASCollectionView */ = {
			isa = XCSwiftPackageProductDependency;
			package = CE634FFC296B013B0047A375 /* XCRemoteSwiftPackageReference "ASCollectionView" */;
			productName = ASCollectionView;
		};
/* End XCSwiftPackageProductDependency section */
	};
	rootObject = CE133AA12955A29000428B48 /* Project object */;
}
